
Microsoft Visual Studio Solution File, Format Version 12.00
# Visual Studio Version 16
VisualStudioVersion = 16.0.30517.126
MinimumVisualStudioVersion = 10.0.40219.1
Project("{9A19103F-16F7-4668-BE54-9A1E7A4F7556}") = "CSharpTutorials", "CSharpTutorials\CSharpTutorials.csproj", "{5C820564-234A-4FFA-BF15-16454A56F98D}"
EndProject
Project("{9A19103F-16F7-4668-BE54-9A1E7A4F7556}") = "Constructors", "Constructors\Constructors.csproj", "{EEC7DBBA-D44D-42DD-A365-653043157BD1}"
EndProject
Project("{9A19103F-16F7-4668-BE54-9A1E7A4F7556}") = "Generics", "Generics\Generics.csproj", "{F55C3381-0553-4842-AF42-E93AC744A2EF}"
EndProject
Project("{9A19103F-16F7-4668-BE54-9A1E7A4F7556}") = "Dictionaries", "Dictionaries\Dictionaries.csproj", "{DCFEAD28-7D89-4A04-ADCD-5830366357C1}"
EndProject
Project("{9A19103F-16F7-4668-BE54-9A1E7A4F7556}") = "Classes", "Classes\Classes.csproj", "{7A605DCD-E523-49F7-8FA2-0873301B9366}"
EndProject
Project("{FAE04EC0-301F-11D3-BF4B-00C04F79EFBC}") = "RecapDemo1", "RecapDemo1\RecapDemo1.csproj", "{C3BA2222-A7D3-491B-ACC2-C371EAB7C397}"
EndProject
Project("{9A19103F-16F7-4668-BE54-9A1E7A4F7556}") = "Interfaces", "Interfaces\Interfaces.csproj", "{B32C192A-9C60-4BA0-91BA-F76B6CF11B89}"
EndProject
Project("{FAE04EC0-301F-11D3-BF4B-00C04F79EFBC}") = "InterfacesDemo", "InterfacesDemo\InterfacesDemo.csproj", "{D22C0C05-FFDF-43E8-ABA2-C5180F4EF867}"
EndProject
Project("{FAE04EC0-301F-11D3-BF4B-00C04F79EFBC}") = "Inheritance", "Inheritance\Inheritance.csproj", "{B63914E0-EE9C-428F-AD45-82CF426D10EA}"
EndProject
Project("{FAE04EC0-301F-11D3-BF4B-00C04F79EFBC}") = "Interfaces2", "Interfaces2\Interfaces2.csproj", "{502520AC-2CBA-456B-90EC-CD7B7A048E4F}"
EndProject
Project("{FAE04EC0-301F-11D3-BF4B-00C04F79EFBC}") = "AbstractClasses", "AbstractClasses\AbstractClasses.csproj", "{195E13CC-61DF-4174-97FD-B68F12D7AE84}"
EndProject
Global
	GlobalSection(SolutionConfigurationPlatforms) = preSolution
		Debug|Any CPU = Debug|Any CPU
		Release|Any CPU = Release|Any CPU
	EndGlobalSection
	GlobalSection(ProjectConfigurationPlatforms) = postSolution
		{5C820564-234A-4FFA-BF15-16454A56F98D}.Debug|Any CPU.ActiveCfg = Debug|Any CPU
		{5C820564-234A-4FFA-BF15-16454A56F98D}.Debug|Any CPU.Build.0 = Debug|Any CPU
		{5C820564-234A-4FFA-BF15-16454A56F98D}.Release|Any CPU.ActiveCfg = Release|Any CPU
		{5C820564-234A-4FFA-BF15-16454A56F98D}.Release|Any CPU.Build.0 = Release|Any CPU
		{EEC7DBBA-D44D-42DD-A365-653043157BD1}.Debug|Any CPU.ActiveCfg = Debug|Any CPU
		{EEC7DBBA-D44D-42DD-A365-653043157BD1}.Debug|Any CPU.Build.0 = Debug|Any CPU
		{EEC7DBBA-D44D-42DD-A365-653043157BD1}.Release|Any CPU.ActiveCfg = Release|Any CPU
		{EEC7DBBA-D44D-42DD-A365-653043157BD1}.Release|Any CPU.Build.0 = Release|Any CPU
		{F55C3381-0553-4842-AF42-E93AC744A2EF}.Debug|Any CPU.ActiveCfg = Debug|Any CPU
		{F55C3381-0553-4842-AF42-E93AC744A2EF}.Debug|Any CPU.Build.0 = Debug|Any CPU
		{F55C3381-0553-4842-AF42-E93AC744A2EF}.Release|Any CPU.ActiveCfg = Release|Any CPU
		{F55C3381-0553-4842-AF42-E93AC744A2EF}.Release|Any CPU.Build.0 = Release|Any CPU
		{DCFEAD28-7D89-4A04-ADCD-5830366357C1}.Debug|Any CPU.ActiveCfg = Debug|Any CPU
		{DCFEAD28-7D89-4A04-ADCD-5830366357C1}.Debug|Any CPU.Build.0 = Debug|Any CPU
		{DCFEAD28-7D89-4A04-ADCD-5830366357C1}.Release|Any CPU.ActiveCfg = Release|Any CPU
		{DCFEAD28-7D89-4A04-ADCD-5830366357C1}.Release|Any CPU.Build.0 = Release|Any CPU
		{7A605DCD-E523-49F7-8FA2-0873301B9366}.Debug|Any CPU.ActiveCfg = Debug|Any CPU
		{7A605DCD-E523-49F7-8FA2-0873301B9366}.Debug|Any CPU.Build.0 = Debug|Any CPU
		{7A605DCD-E523-49F7-8FA2-0873301B9366}.Release|Any CPU.ActiveCfg = Release|Any CPU
		{7A605DCD-E523-49F7-8FA2-0873301B9366}.Release|Any CPU.Build.0 = Release|Any CPU
		{C3BA2222-A7D3-491B-ACC2-C371EAB7C397}.Debug|Any CPU.ActiveCfg = Debug|Any CPU
		{C3BA2222-A7D3-491B-ACC2-C371EAB7C397}.Debug|Any CPU.Build.0 = Debug|Any CPU
		{C3BA2222-A7D3-491B-ACC2-C371EAB7C397}.Release|Any CPU.ActiveCfg = Release|Any CPU
		{C3BA2222-A7D3-491B-ACC2-C371EAB7C397}.Release|Any CPU.Build.0 = Release|Any CPU
		{B32C192A-9C60-4BA0-91BA-F76B6CF11B89}.Debug|Any CPU.ActiveCfg = Debug|Any CPU
		{B32C192A-9C60-4BA0-91BA-F76B6CF11B89}.Debug|Any CPU.Build.0 = Debug|Any CPU
		{B32C192A-9C60-4BA0-91BA-F76B6CF11B89}.Release|Any CPU.ActiveCfg = Release|Any CPU
		{B32C192A-9C60-4BA0-91BA-F76B6CF11B89}.Release|Any CPU.Build.0 = Release|Any CPU
		{D22C0C05-FFDF-43E8-ABA2-C5180F4EF867}.Debug|Any CPU.ActiveCfg = Debug|Any CPU
		{D22C0C05-FFDF-43E8-ABA2-C5180F4EF867}.Debug|Any CPU.Build.0 = Debug|Any CPU
		{D22C0C05-FFDF-43E8-ABA2-C5180F4EF867}.Release|Any CPU.ActiveCfg = Release|Any CPU
		{D22C0C05-FFDF-43E8-ABA2-C5180F4EF867}.Release|Any CPU.Build.0 = Release|Any CPU
		{B63914E0-EE9C-428F-AD45-82CF426D10EA}.Debug|Any CPU.ActiveCfg = Debug|Any CPU
		{B63914E0-EE9C-428F-AD45-82CF426D10EA}.Debug|Any CPU.Build.0 = Debug|Any CPU
		{B63914E0-EE9C-428F-AD45-82CF426D10EA}.Release|Any CPU.ActiveCfg = Release|Any CPU
		{B63914E0-EE9C-428F-AD45-82CF426D10EA}.Release|Any CPU.Build.0 = Release|Any CPU
		{502520AC-2CBA-456B-90EC-CD7B7A048E4F}.Debug|Any CPU.ActiveCfg = Debug|Any CPU
		{502520AC-2CBA-456B-90EC-CD7B7A048E4F}.Debug|Any CPU.Build.0 = Debug|Any CPU
		{502520AC-2CBA-456B-90EC-CD7B7A048E4F}.Release|Any CPU.ActiveCfg = Release|Any CPU
		{502520AC-2CBA-456B-90EC-CD7B7A048E4F}.Release|Any CPU.Build.0 = Release|Any CPU
		{195E13CC-61DF-4174-97FD-B68F12D7AE84}.Debug|Any CPU.ActiveCfg = Debug|Any CPU
		{195E13CC-61DF-4174-97FD-B68F12D7AE84}.Debug|Any CPU.Build.0 = Debug|Any CPU
		{195E13CC-61DF-4174-97FD-B68F12D7AE84}.Release|Any CPU.ActiveCfg = Release|Any CPU
		{195E13CC-61DF-4174-97FD-B68F12D7AE84}.Release|Any CPU.Build.0 = Release|Any CPU
	EndGlobalSection
	GlobalSection(SolutionProperties) = preSolution
		HideSolutionNode = FALSE
	EndGlobalSection
	GlobalSection(ExtensibilityGlobals) = postSolution
		SolutionGuid = {60AF2FA2-250D-43A2-9E17-A1FCB445444E}
	EndGlobalSection
EndGlobal
